
Microsoft Visual Studio Solution File, Format Version 12.00
# Visual Studio 15
VisualStudioVersion = 15.0.27703.2047
MinimumVisualStudioVersion = 10.0.40219.1
Project("{8BC9CEB8-8B4A-11D0-8D11-00A0C91BC942}") = "Arenabattle", "Arenabattle\Arenabattle.vcxproj", "{21947B54-C175-4E3D-A170-C36238F709D2}"
EndProject
Global
	GlobalSection(SolutionConfigurationPlatforms) = preSolution
		Debug|x64 = Debug|x64
		Debug|x86 = Debug|x86
		Release|x64 = Release|x64
		Release|x86 = Release|x86
	EndGlobalSection
	GlobalSection(ProjectConfigurationPlatforms) = postSolution
		{21947B54-C175-4E3D-A170-C36238F709D2}.Debug|x64.ActiveCfg = Debug|x64
		{21947B54-C175-4E3D-A170-C36238F709D2}.Debug|x64.Build.0 = Debug|x64
		{21947B54-C175-4E3D-A170-C36238F709D2}.Debug|x86.ActiveCfg = Debug|Win32
		{21947B54-C175-4E3D-A170-C36238F709D2}.Debug|x86.Build.0 = Debug|Win32
		{21947B54-C175-4E3D-A170-C36238F709D2}.Release|x64.ActiveCfg = Release|x64
		{21947B54-C175-4E3D-A170-C36238F709D2}.Release|x64.Build.0 = Release|x64
		{21947B54-C175-4E3D-A170-C36238F709D2}.Release|x86.ActiveCfg = Release|Win32
		{21947B54-C175-4E3D-A170-C36238F709D2}.Release|x86.Build.0 = Release|Win32
	EndGlobalSection
	GlobalSection(SolutionProperties) = preSolution
		HideSolutionNode = FALSE
	EndGlobalSection
	GlobalSection(ExtensibilityGlobals) = postSolution
		SolutionGuid = {6FC0DA93-E91C-46F3-A855-C4397A0EFE91}
	EndGlobalSection
EndGlobal
